
Microsoft Visual Studio Solution File, Format Version 12.00
# Visual Studio Version 17
VisualStudioVersion = 17.10.35004.147
MinimumVisualStudioVersion = 10.0.40219.1
Project("{FAE04EC0-301F-11D3-BF4B-00C04F79EFBC}") = "PokemonReviewApp", "PokemonReviewApp\PokemonReviewApp.csproj", "{55CF8D27-E21A-45E5-A14E-B955171C73B3}"
EndProject
Global
	GlobalSection(SolutionConfigurationPlatforms) = preSolution
		Debug|Any CPU = Debug|Any CPU
		Release|Any CPU = Release|Any CPU
	EndGlobalSection
	GlobalSection(ProjectConfigurationPlatforms) = postSolution
		{55CF8D27-E21A-45E5-A14E-B955171C73B3}.Debug|Any CPU.ActiveCfg = Debug|Any CPU
		{55CF8D27-E21A-45E5-A14E-B955171C73B3}.Debug|Any CPU.Build.0 = Debug|Any CPU
		{55CF8D27-E21A-45E5-A14E-B955171C73B3}.Release|Any CPU.ActiveCfg = Release|Any CPU
		{55CF8D27-E21A-45E5-A14E-B955171C73B3}.Release|Any CPU.Build.0 = Release|Any CPU
	EndGlobalSection
	GlobalSection(SolutionProperties) = preSolution
		HideSolutionNode = FALSE
	EndGlobalSection
	GlobalSection(ExtensibilityGlobals) = postSolution
		SolutionGuid = {1479E798-CDED-4139-8702-CB2716BB2526}
	EndGlobalSection
EndGlobal
